
Microsoft Visual Studio Solution File, Format Version 12.00
# Visual Studio Version 17
VisualStudioVersion = 17.4.33213.308
MinimumVisualStudioVersion = 10.0.40219.1
Project("{9A19103F-16F7-4668-BE54-9A1E7A4F7556}") = "WinFormsApp1", "WinFormsApp1\WinFormsApp1.csproj", "{A547A796-7111-4867-A31A-3DCC40B69A65}"
EndProject
Project("{9A19103F-16F7-4668-BE54-9A1E7A4F7556}") = "InfoTechLibrary", "..\InfoTechLibrary\InfoTechLibrary\InfoTechLibrary.csproj", "{98395574-3D03-4C8A-B7BD-9B511961B32C}"
EndProject
Global
	GlobalSection(SolutionConfigurationPlatforms) = preSolution
		Debug|Any CPU = Debug|Any CPU
		Release|Any CPU = Release|Any CPU
	EndGlobalSection
	GlobalSection(ProjectConfigurationPlatforms) = postSolution
		{A547A796-7111-4867-A31A-3DCC40B69A65}.Debug|Any CPU.ActiveCfg = Debug|Any CPU
		{A547A796-7111-4867-A31A-3DCC40B69A65}.Debug|Any CPU.Build.0 = Debug|Any CPU
		{A547A796-7111-4867-A31A-3DCC40B69A65}.Release|Any CPU.ActiveCfg = Release|Any CPU
		{A547A796-7111-4867-A31A-3DCC40B69A65}.Release|Any CPU.Build.0 = Release|Any CPU
		{98395574-3D03-4C8A-B7BD-9B511961B32C}.Debug|Any CPU.ActiveCfg = Debug|Any CPU
		{98395574-3D03-4C8A-B7BD-9B511961B32C}.Debug|Any CPU.Build.0 = Debug|Any CPU
		{98395574-3D03-4C8A-B7BD-9B511961B32C}.Release|Any CPU.ActiveCfg = Release|Any CPU
		{98395574-3D03-4C8A-B7BD-9B511961B32C}.Release|Any CPU.Build.0 = Release|Any CPU
	EndGlobalSection
	GlobalSection(SolutionProperties) = preSolution
		HideSolutionNode = FALSE
	EndGlobalSection
	GlobalSection(ExtensibilityGlobals) = postSolution
		SolutionGuid = {ACD2613F-10F2-4A1C-B86C-9C177B363A5D}
	EndGlobalSection
EndGlobal
